
Microsoft Visual Studio Solution File, Format Version 11.00
# Visual Studio 2010
Project("{FAE04EC0-301F-11D3-BF4B-00C04F79EFBC}") = "Assembly-CSharp", "Assembly-CSharp.csproj", "{197F2F85-6B12-EDF6-3603-E01F49852825}"
EndProject
Project("{FAE04EC0-301F-11D3-BF4B-00C04F79EFBC}") = "Assembly-CSharp-Editor", "Assembly-CSharp-Editor.csproj", "{9F434EFF-A34F-30AD-1B4F-8223F4ED5EDF}"
EndProject
Global
	GlobalSection(SolutionConfigurationPlatforms) = preSolution
		Debug|Any CPU = Debug|Any CPU
		Release|Any CPU = Release|Any CPU
	EndGlobalSection
	GlobalSection(ProjectConfigurationPlatforms) = postSolution
		{197F2F85-6B12-EDF6-3603-E01F49852825}.Debug|Any CPU.ActiveCfg = Debug|Any CPU
		{197F2F85-6B12-EDF6-3603-E01F49852825}.Debug|Any CPU.Build.0 = Debug|Any CPU
		{197F2F85-6B12-EDF6-3603-E01F49852825}.Release|Any CPU.ActiveCfg = Release|Any CPU
		{197F2F85-6B12-EDF6-3603-E01F49852825}.Release|Any CPU.Build.0 = Release|Any CPU
		{9F434EFF-A34F-30AD-1B4F-8223F4ED5EDF}.Debug|Any CPU.ActiveCfg = Debug|Any CPU
		{9F434EFF-A34F-30AD-1B4F-8223F4ED5EDF}.Debug|Any CPU.Build.0 = Debug|Any CPU
		{9F434EFF-A34F-30AD-1B4F-8223F4ED5EDF}.Release|Any CPU.ActiveCfg = Release|Any CPU
		{9F434EFF-A34F-30AD-1B4F-8223F4ED5EDF}.Release|Any CPU.Build.0 = Release|Any CPU
	EndGlobalSection
	GlobalSection(SolutionProperties) = preSolution
		HideSolutionNode = FALSE
	EndGlobalSection
	GlobalSection(MonoDevelopProperties) = preSolution
		StartupItem = Assembly-CSharp.csproj
	EndGlobalSection
EndGlobal
