
Microsoft Visual Studio Solution File, Format Version 12.00
# Visual Studio for Mac
Project("{FAE04EC0-301F-11D3-BF4B-00C04F79EFBC}") = "Assembly-CSharp", "Assembly-CSharp.csproj", "{20B2EAB4-11E8-7101-E70F-CDE3C1AFBC06}"
EndProject
Project("{FAE04EC0-301F-11D3-BF4B-00C04F79EFBC}") = "Assembly-CSharp-Editor", "Assembly-CSharp-Editor.csproj", "{1E8E7115-0F3B-6FA2-F2BF-011B854CB41B}"
EndProject
Global
	GlobalSection(SolutionConfigurationPlatforms) = preSolution
		Debug|Any CPU = Debug|Any CPU
		Release|Any CPU = Release|Any CPU
	EndGlobalSection
	GlobalSection(ProjectConfigurationPlatforms) = postSolution
		{20B2EAB4-11E8-7101-E70F-CDE3C1AFBC06}.Debug|Any CPU.ActiveCfg = Debug|Any CPU
		{20B2EAB4-11E8-7101-E70F-CDE3C1AFBC06}.Debug|Any CPU.Build.0 = Debug|Any CPU
		{20B2EAB4-11E8-7101-E70F-CDE3C1AFBC06}.Release|Any CPU.ActiveCfg = Release|Any CPU
		{20B2EAB4-11E8-7101-E70F-CDE3C1AFBC06}.Release|Any CPU.Build.0 = Release|Any CPU
		{1E8E7115-0F3B-6FA2-F2BF-011B854CB41B}.Debug|Any CPU.ActiveCfg = Debug|Any CPU
		{1E8E7115-0F3B-6FA2-F2BF-011B854CB41B}.Debug|Any CPU.Build.0 = Debug|Any CPU
		{1E8E7115-0F3B-6FA2-F2BF-011B854CB41B}.Release|Any CPU.ActiveCfg = Release|Any CPU
		{1E8E7115-0F3B-6FA2-F2BF-011B854CB41B}.Release|Any CPU.Build.0 = Release|Any CPU
	EndGlobalSection
	GlobalSection(SolutionProperties) = preSolution
		HideSolutionNode = FALSE
	EndGlobalSection
EndGlobal
